
Microsoft Visual Studio Solution File, Format Version 12.00
Project("{FAE04EC0-301F-11D3-BF4B-00C04F79EFBC}") = "SharpyProxy", "SharpyProxy\SharpyProxy.csproj", "{03E1B7DF-4959-4260-AB4C-1BF353B6E74F}"
EndProject
Project("{FAE04EC0-301F-11D3-BF4B-00C04F79EFBC}") = "SharpyProxy.TestWebApp", "SharpyProxy.TestWebApp\SharpyProxy.TestWebApp.csproj", "{AC67A3A0-298A-48B3-A23E-3CF92F773D0F}"
EndProject
Project("{2150E333-8FDC-42A3-9474-1A3956D46DE8}") = "Repo", "Repo", "{C35B5977-8268-456B-B38A-6D6F52FBC279}"
	ProjectSection(SolutionItems) = preProject
		..\LICENSE = ..\LICENSE
		..\README.md = ..\README.md
		..\.gitignore = ..\.gitignore
	EndProjectSection
EndProject
Project("{FAE04EC0-301F-11D3-BF4B-00C04F79EFBC}") = "SharpyProxy.Sandbox", "SharpyProxy.Sandbox\SharpyProxy.Sandbox.csproj", "{1A2C53E8-F86E-4233-8D59-8D15773D44A4}"
EndProject
Global
	GlobalSection(SolutionConfigurationPlatforms) = preSolution
		Debug|Any CPU = Debug|Any CPU
		Release|Any CPU = Release|Any CPU
	EndGlobalSection
	GlobalSection(ProjectConfigurationPlatforms) = postSolution
		{03E1B7DF-4959-4260-AB4C-1BF353B6E74F}.Debug|Any CPU.ActiveCfg = Debug|Any CPU
		{03E1B7DF-4959-4260-AB4C-1BF353B6E74F}.Debug|Any CPU.Build.0 = Debug|Any CPU
		{03E1B7DF-4959-4260-AB4C-1BF353B6E74F}.Release|Any CPU.ActiveCfg = Release|Any CPU
		{03E1B7DF-4959-4260-AB4C-1BF353B6E74F}.Release|Any CPU.Build.0 = Release|Any CPU
		{AC67A3A0-298A-48B3-A23E-3CF92F773D0F}.Debug|Any CPU.ActiveCfg = Debug|Any CPU
		{AC67A3A0-298A-48B3-A23E-3CF92F773D0F}.Debug|Any CPU.Build.0 = Debug|Any CPU
		{AC67A3A0-298A-48B3-A23E-3CF92F773D0F}.Release|Any CPU.ActiveCfg = Release|Any CPU
		{AC67A3A0-298A-48B3-A23E-3CF92F773D0F}.Release|Any CPU.Build.0 = Release|Any CPU
		{1A2C53E8-F86E-4233-8D59-8D15773D44A4}.Debug|Any CPU.ActiveCfg = Debug|Any CPU
		{1A2C53E8-F86E-4233-8D59-8D15773D44A4}.Debug|Any CPU.Build.0 = Debug|Any CPU
		{1A2C53E8-F86E-4233-8D59-8D15773D44A4}.Release|Any CPU.ActiveCfg = Release|Any CPU
		{1A2C53E8-F86E-4233-8D59-8D15773D44A4}.Release|Any CPU.Build.0 = Release|Any CPU
	EndGlobalSection
EndGlobal
